
Microsoft Visual Studio Solution File, Format Version 12.00
# Visual Studio Version 17
VisualStudioVersion = 17.11.35208.52
MinimumVisualStudioVersion = 10.0.40219.1
Project("{FAE04EC0-301F-11D3-BF4B-00C04F79EFBC}") = "Payslip", "Payslip\Payslip.csproj", "{146BE309-1EBC-488B-BFE8-151DA15A5C54}"
EndProject
Global
	GlobalSection(SolutionConfigurationPlatforms) = preSolution
		Debug|Any CPU = Debug|Any CPU
		Release|Any CPU = Release|Any CPU
	EndGlobalSection
	GlobalSection(ProjectConfigurationPlatforms) = postSolution
		{146BE309-1EBC-488B-BFE8-151DA15A5C54}.Debug|Any CPU.ActiveCfg = Debug|Any CPU
		{146BE309-1EBC-488B-BFE8-151DA15A5C54}.Debug|Any CPU.Build.0 = Debug|Any CPU
		{146BE309-1EBC-488B-BFE8-151DA15A5C54}.Release|Any CPU.ActiveCfg = Release|Any CPU
		{146BE309-1EBC-488B-BFE8-151DA15A5C54}.Release|Any CPU.Build.0 = Release|Any CPU
	EndGlobalSection
	GlobalSection(SolutionProperties) = preSolution
		HideSolutionNode = FALSE
	EndGlobalSection
	GlobalSection(ExtensibilityGlobals) = postSolution
		SolutionGuid = {1043E87D-204B-404D-AC57-FA658DAE6AA4}
	EndGlobalSection
EndGlobal
